
Microsoft Visual Studio Solution File, Format Version 12.00
# Visual Studio 14
VisualStudioVersion = 14.0.25420.1
MinimumVisualStudioVersion = 10.0.40219.1
Project("{FAE04EC0-301F-11D3-BF4B-00C04F79EFBC}") = "ChatterApi.Domain", "ChatterApi.Domain\ChatterApi.Domain.csproj", "{31E05AC8-5711-438F-912C-E6C8C42F4089}"
EndProject
Project("{FAE04EC0-301F-11D3-BF4B-00C04F79EFBC}") = "ChatterApi.DTO", "ChatterApi.DTO\ChatterApi.DTO.csproj", "{2422727C-3CAF-473C-976B-280FC885372F}"
EndProject
Project("{FAE04EC0-301F-11D3-BF4B-00C04F79EFBC}") = "ChatterApi.API", "ChatterApi.API\ChatterApi.API.csproj", "{B81E3080-69A7-423C-A37B-817BFE496A92}"
EndProject
Project("{FAE04EC0-301F-11D3-BF4B-00C04F79EFBC}") = "ChatterApi.IdSvr", "ChatterApi.IdSvr\ChatterApi.IdSvr.csproj", "{86A2B95B-758D-4317-AFE5-5366B95E7337}"
EndProject
Project("{FAE04EC0-301F-11D3-BF4B-00C04F79EFBC}") = "ChatterApi.Constants", "ChatterApi.Constants\ChatterApi.Constants.csproj", "{CF494771-883D-408A-8BA4-D54498ECF6EC}"
EndProject
Global
	GlobalSection(SolutionConfigurationPlatforms) = preSolution
		Debug|Any CPU = Debug|Any CPU
		Release|Any CPU = Release|Any CPU
	EndGlobalSection
	GlobalSection(ProjectConfigurationPlatforms) = postSolution
		{31E05AC8-5711-438F-912C-E6C8C42F4089}.Debug|Any CPU.ActiveCfg = Debug|Any CPU
		{31E05AC8-5711-438F-912C-E6C8C42F4089}.Debug|Any CPU.Build.0 = Debug|Any CPU
		{31E05AC8-5711-438F-912C-E6C8C42F4089}.Release|Any CPU.ActiveCfg = Release|Any CPU
		{31E05AC8-5711-438F-912C-E6C8C42F4089}.Release|Any CPU.Build.0 = Release|Any CPU
		{2422727C-3CAF-473C-976B-280FC885372F}.Debug|Any CPU.ActiveCfg = Debug|Any CPU
		{2422727C-3CAF-473C-976B-280FC885372F}.Debug|Any CPU.Build.0 = Debug|Any CPU
		{2422727C-3CAF-473C-976B-280FC885372F}.Release|Any CPU.ActiveCfg = Release|Any CPU
		{2422727C-3CAF-473C-976B-280FC885372F}.Release|Any CPU.Build.0 = Release|Any CPU
		{B81E3080-69A7-423C-A37B-817BFE496A92}.Debug|Any CPU.ActiveCfg = Debug|Any CPU
		{B81E3080-69A7-423C-A37B-817BFE496A92}.Debug|Any CPU.Build.0 = Debug|Any CPU
		{B81E3080-69A7-423C-A37B-817BFE496A92}.Release|Any CPU.ActiveCfg = Release|Any CPU
		{B81E3080-69A7-423C-A37B-817BFE496A92}.Release|Any CPU.Build.0 = Release|Any CPU
		{86A2B95B-758D-4317-AFE5-5366B95E7337}.Debug|Any CPU.ActiveCfg = Debug|Any CPU
		{86A2B95B-758D-4317-AFE5-5366B95E7337}.Debug|Any CPU.Build.0 = Debug|Any CPU
		{86A2B95B-758D-4317-AFE5-5366B95E7337}.Release|Any CPU.ActiveCfg = Release|Any CPU
		{86A2B95B-758D-4317-AFE5-5366B95E7337}.Release|Any CPU.Build.0 = Release|Any CPU
		{CF494771-883D-408A-8BA4-D54498ECF6EC}.Debug|Any CPU.ActiveCfg = Debug|Any CPU
		{CF494771-883D-408A-8BA4-D54498ECF6EC}.Debug|Any CPU.Build.0 = Debug|Any CPU
		{CF494771-883D-408A-8BA4-D54498ECF6EC}.Release|Any CPU.ActiveCfg = Release|Any CPU
		{CF494771-883D-408A-8BA4-D54498ECF6EC}.Release|Any CPU.Build.0 = Release|Any CPU
	EndGlobalSection
	GlobalSection(SolutionProperties) = preSolution
		HideSolutionNode = FALSE
	EndGlobalSection
EndGlobal
